
Microsoft Visual Studio Solution File, Format Version 12.00
# Visual Studio Version 16
VisualStudioVersion = 16.0.29905.134
MinimumVisualStudioVersion = 10.0.40219.1
Project("{FAE04EC0-301F-11D3-BF4B-00C04F79EFBC}") = "WebApiTokenAuthentication", "WebApiTokenAuthentication\WebApiTokenAuthentication.csproj", "{84F52349-DE19-44E8-B4EF-787771495620}"
EndProject
Global
	GlobalSection(SolutionConfigurationPlatforms) = preSolution
		Debug|Any CPU = Debug|Any CPU
		Release|Any CPU = Release|Any CPU
	EndGlobalSection
	GlobalSection(ProjectConfigurationPlatforms) = postSolution
		{84F52349-DE19-44E8-B4EF-787771495620}.Debug|Any CPU.ActiveCfg = Debug|Any CPU
		{84F52349-DE19-44E8-B4EF-787771495620}.Debug|Any CPU.Build.0 = Debug|Any CPU
		{84F52349-DE19-44E8-B4EF-787771495620}.Release|Any CPU.ActiveCfg = Release|Any CPU
		{84F52349-DE19-44E8-B4EF-787771495620}.Release|Any CPU.Build.0 = Release|Any CPU
	EndGlobalSection
	GlobalSection(SolutionProperties) = preSolution
		HideSolutionNode = FALSE
	EndGlobalSection
	GlobalSection(ExtensibilityGlobals) = postSolution
		SolutionGuid = {D4359E08-33B0-4B86-B7B3-7BCB36C20747}
	EndGlobalSection
EndGlobal
